
Microsoft Visual Studio Solution File, Format Version 11.00
# Visual Studio 2010
Project("{FAE04EC0-301F-11D3-BF4B-00C04F79EFBC}") = "LogReportingDashboard", "LogReportingDashboard\LogReportingDashboard.csproj", "{67BCFDC1-2B75-47AD-B07A-EE8921CA8F34}"
EndProject
Global
	GlobalSection(SolutionConfigurationPlatforms) = preSolution
		Debug|Any CPU = Debug|Any CPU
		Release|Any CPU = Release|Any CPU
	EndGlobalSection
	GlobalSection(ProjectConfigurationPlatforms) = postSolution
		{67BCFDC1-2B75-47AD-B07A-EE8921CA8F34}.Debug|Any CPU.ActiveCfg = Debug|Any CPU
		{67BCFDC1-2B75-47AD-B07A-EE8921CA8F34}.Debug|Any CPU.Build.0 = Debug|Any CPU
		{67BCFDC1-2B75-47AD-B07A-EE8921CA8F34}.Release|Any CPU.ActiveCfg = Release|Any CPU
		{67BCFDC1-2B75-47AD-B07A-EE8921CA8F34}.Release|Any CPU.Build.0 = Release|Any CPU
	EndGlobalSection
	GlobalSection(SolutionProperties) = preSolution
		HideSolutionNode = FALSE
	EndGlobalSection
EndGlobal
